
Microsoft Visual Studio Solution File, Format Version 12.00
# Visual Studio Version 17
VisualStudioVersion = 17.10.34902.84
MinimumVisualStudioVersion = 10.0.40219.1
Project("{FAE04EC0-301F-11D3-BF4B-00C04F79EFBC}") = "VCardQr", "VCardQr\VCardQr.csproj", "{EA470BB5-9012-470D-BFDF-59C96AA594E3}"
EndProject
Global
	GlobalSection(SolutionConfigurationPlatforms) = preSolution
		Debug|Any CPU = Debug|Any CPU
		Release|Any CPU = Release|Any CPU
	EndGlobalSection
	GlobalSection(ProjectConfigurationPlatforms) = postSolution
		{EA470BB5-9012-470D-BFDF-59C96AA594E3}.Debug|Any CPU.ActiveCfg = Debug|Any CPU
		{EA470BB5-9012-470D-BFDF-59C96AA594E3}.Debug|Any CPU.Build.0 = Debug|Any CPU
		{EA470BB5-9012-470D-BFDF-59C96AA594E3}.Release|Any CPU.ActiveCfg = Release|Any CPU
		{EA470BB5-9012-470D-BFDF-59C96AA594E3}.Release|Any CPU.Build.0 = Release|Any CPU
	EndGlobalSection
	GlobalSection(SolutionProperties) = preSolution
		HideSolutionNode = FALSE
	EndGlobalSection
	GlobalSection(ExtensibilityGlobals) = postSolution
		SolutionGuid = {75C121EC-9463-4008-BFFD-B4D324F0D54E}
	EndGlobalSection
EndGlobal
